
Microsoft Visual Studio Solution File, Format Version 12.00
# Visual Studio Version 16
VisualStudioVersion = 16.0.30330.147
MinimumVisualStudioVersion = 10.0.40219.1
Project("{FAE04EC0-301F-11D3-BF4B-00C04F79EFBC}") = "MyApp", "MyApp\MyApp.csproj", "{561AC68E-E41E-44BD-8175-179E069640B9}"
EndProject
Project("{FAE04EC0-301F-11D3-BF4B-00C04F79EFBC}") = "Design", "ButtonDesign\Design.csproj", "{73788559-C3FC-4262-886A-5D87E0D2C0A3}"
EndProject
Project("{FAE04EC0-301F-11D3-BF4B-00C04F79EFBC}") = "Counter", "Counter\Counter.csproj", "{05240EF2-DB44-4120-A537-3F1410156130}"
EndProject
Global
	GlobalSection(SolutionConfigurationPlatforms) = preSolution
		Debug|Any CPU = Debug|Any CPU
		Debug|x64 = Debug|x64
		Release|Any CPU = Release|Any CPU
		Release|x64 = Release|x64
	EndGlobalSection
	GlobalSection(ProjectConfigurationPlatforms) = postSolution
		{561AC68E-E41E-44BD-8175-179E069640B9}.Debug|Any CPU.ActiveCfg = Debug|Any CPU
		{561AC68E-E41E-44BD-8175-179E069640B9}.Debug|Any CPU.Build.0 = Debug|Any CPU
		{561AC68E-E41E-44BD-8175-179E069640B9}.Debug|x64.ActiveCfg = Debug|x64
		{561AC68E-E41E-44BD-8175-179E069640B9}.Debug|x64.Build.0 = Debug|x64
		{561AC68E-E41E-44BD-8175-179E069640B9}.Release|Any CPU.ActiveCfg = Release|Any CPU
		{561AC68E-E41E-44BD-8175-179E069640B9}.Release|Any CPU.Build.0 = Release|Any CPU
		{561AC68E-E41E-44BD-8175-179E069640B9}.Release|x64.ActiveCfg = Release|x64
		{561AC68E-E41E-44BD-8175-179E069640B9}.Release|x64.Build.0 = Release|x64
		{73788559-C3FC-4262-886A-5D87E0D2C0A3}.Debug|Any CPU.ActiveCfg = Debug|Any CPU
		{73788559-C3FC-4262-886A-5D87E0D2C0A3}.Debug|Any CPU.Build.0 = Debug|Any CPU
		{73788559-C3FC-4262-886A-5D87E0D2C0A3}.Debug|x64.ActiveCfg = Debug|Any CPU
		{73788559-C3FC-4262-886A-5D87E0D2C0A3}.Debug|x64.Build.0 = Debug|Any CPU
		{73788559-C3FC-4262-886A-5D87E0D2C0A3}.Release|Any CPU.ActiveCfg = Release|Any CPU
		{73788559-C3FC-4262-886A-5D87E0D2C0A3}.Release|Any CPU.Build.0 = Release|Any CPU
		{73788559-C3FC-4262-886A-5D87E0D2C0A3}.Release|x64.ActiveCfg = Release|Any CPU
		{73788559-C3FC-4262-886A-5D87E0D2C0A3}.Release|x64.Build.0 = Release|Any CPU
		{05240EF2-DB44-4120-A537-3F1410156130}.Debug|Any CPU.ActiveCfg = Debug|Any CPU
		{05240EF2-DB44-4120-A537-3F1410156130}.Debug|Any CPU.Build.0 = Debug|Any CPU
		{05240EF2-DB44-4120-A537-3F1410156130}.Debug|x64.ActiveCfg = Debug|Any CPU
		{05240EF2-DB44-4120-A537-3F1410156130}.Debug|x64.Build.0 = Debug|Any CPU
		{05240EF2-DB44-4120-A537-3F1410156130}.Release|Any CPU.ActiveCfg = Release|Any CPU
		{05240EF2-DB44-4120-A537-3F1410156130}.Release|Any CPU.Build.0 = Release|Any CPU
		{05240EF2-DB44-4120-A537-3F1410156130}.Release|x64.ActiveCfg = Release|Any CPU
		{05240EF2-DB44-4120-A537-3F1410156130}.Release|x64.Build.0 = Release|Any CPU
	EndGlobalSection
	GlobalSection(SolutionProperties) = preSolution
		HideSolutionNode = FALSE
	EndGlobalSection
	GlobalSection(ExtensibilityGlobals) = postSolution
		SolutionGuid = {5EE22999-ECCF-427F-A7A1-126A0A7316AC}
	EndGlobalSection
EndGlobal
